
Microsoft Visual Studio Solution File, Format Version 12.00
# Visual Studio Version 17
VisualStudioVersion = 17.14.36429.23
MinimumVisualStudioVersion = 10.0.40219.1
Project("{2150E333-8FDC-42A3-9474-1A3956D46DE8}") = "Task0", "Task0", "{02EA681E-C7D8-13C7-8484-4AC65E1B71E8}"
EndProject
Project("{FAE04EC0-301F-11D3-BF4B-00C04F79EFBC}") = "Tyuiu.GoryaevTT.Sprint5.Task0.V22", "Tyuiu.GoryaevTT.Sprint5.Task0.V22\Tyuiu.GoryaevTT.Sprint5.Task0.V22.csproj", "{A0CE9FA7-0D11-4744-AFD0-BA4AFB68D30C}"
EndProject
Project("{FAE04EC0-301F-11D3-BF4B-00C04F79EFBC}") = "Tyuiu.GoryaevTT.Sprint5.Task0.V22.Lib", "Tyuiu.GoryaevTT.Sprint5.Task0.V22.Lib\Tyuiu.GoryaevTT.Sprint5.Task0.V22.Lib.csproj", "{4A11CB20-595D-45CD-AFD6-50019828BE95}"
EndProject
Project("{FAE04EC0-301F-11D3-BF4B-00C04F79EFBC}") = "Tyuiu.GoryaevTT.Sprint5.Task0.V22.Test", "Tyuiu.GoryaevTT.Sprint5.Task0.V22.Test\Tyuiu.GoryaevTT.Sprint5.Task0.V22.Test.csproj", "{AA96A078-1D0E-4B50-9064-4055D4A8DC9B}"
EndProject
Project("{2150E333-8FDC-42A3-9474-1A3956D46DE8}") = "Task1", "Task1", "{97722A73-57B2-4CD6-A6AE-244FBECE869C}"
EndProject
Project("{FAE04EC0-301F-11D3-BF4B-00C04F79EFBC}") = "Tyuiu.GoryaevTT.Sprint5.Task1.V11", "Tyuiu.GoryaevTT.Sprint5.Task1.V11\Tyuiu.GoryaevTT.Sprint5.Task1.V11.csproj", "{7112998A-9B1F-492F-BB68-F5310AD3E58A}"
EndProject
Project("{FAE04EC0-301F-11D3-BF4B-00C04F79EFBC}") = "Tyuiu.GoryaevTT.Sprint5.Task1.V11.Lib", "Tyuiu.GoryaevTT.Sprint5.Task1.V11.Lib\Tyuiu.GoryaevTT.Sprint5.Task1.V11.Lib.csproj", "{A441F156-87B9-4CE6-B567-CF17F455C712}"
EndProject
Project("{FAE04EC0-301F-11D3-BF4B-00C04F79EFBC}") = "Tyuiu.GoryaevTT.Sprint5.Task1.V11.Test", "Tyuiu.GoryaevTT.Sprint5.Task1.V11.Test\Tyuiu.GoryaevTT.Sprint5.Task1.V11.Test.csproj", "{A35D3746-75D4-4D1C-BAE6-5869C679F2BF}"
EndProject
Project("{2150E333-8FDC-42A3-9474-1A3956D46DE8}") = "Task2", "Task2", "{50D78FA4-3BE4-463E-ACD4-917FF4F54E05}"
EndProject
Project("{FAE04EC0-301F-11D3-BF4B-00C04F79EFBC}") = "Tyuiu.GoryaevTT.Sprint5.Task2.V30", "Tyuiu.GoryaevTT.Sprint5.Task2.V30\Tyuiu.GoryaevTT.Sprint5.Task2.V30.csproj", "{E13A46A4-760C-4934-A964-B271DA5CC746}"
EndProject
Project("{FAE04EC0-301F-11D3-BF4B-00C04F79EFBC}") = "Tyuiu.GoryaevTT.Sprint5.Task2.V30.Lib", "Tyuiu.GoryaevTT.Sprint5.Task2.V30.Lib\Tyuiu.GoryaevTT.Sprint5.Task2.V30.Lib.csproj", "{D573996E-A40C-45E4-B79B-D560C6ED3903}"
EndProject
Project("{FAE04EC0-301F-11D3-BF4B-00C04F79EFBC}") = "Tyuiu.GoryaevTT.Sprint5.Task2.V30.Test", "Tyuiu.GoryaevTT.Sprint5.Task2.V30.Test\Tyuiu.GoryaevTT.Sprint5.Task2.V30.Test.csproj", "{C49F8222-B999-4396-8F51-47D3A10B8DC0}"
EndProject
Project("{2150E333-8FDC-42A3-9474-1A3956D46DE8}") = "Task3", "Task3", "{FEE4740D-0003-4A6C-940E-728C71ADF0C2}"
EndProject
Project("{FAE04EC0-301F-11D3-BF4B-00C04F79EFBC}") = "Tyuiu.GoryaevTT.Sprint5.Task3.V8", "Tyuiu.GoryaevTT.Sprint5.Task3.V8\Tyuiu.GoryaevTT.Sprint5.Task3.V8.csproj", "{B7C2E546-0084-4D53-A3C4-B6B04B36ECDB}"
EndProject
Project("{FAE04EC0-301F-11D3-BF4B-00C04F79EFBC}") = "Tyuiu.GoryaevTT.Sprint5.Task3.V8.Lib", "Tyuiu.GoryaevTT.Sprint5.Task3.V8.Lib\Tyuiu.GoryaevTT.Sprint5.Task3.V8.Lib.csproj", "{874B8A08-363F-48BD-B71C-4E4B30A15389}"
EndProject
Project("{FAE04EC0-301F-11D3-BF4B-00C04F79EFBC}") = "Tyuiu.GoryaevTT.Sprint5.Task3.V8.Test", "Tyuiu.GoryaevTT.Sprint5.Task3.V8.Test\Tyuiu.GoryaevTT.Sprint5.Task3.V8.Test.csproj", "{8973D30D-0CD8-4C5E-9D2E-3FB2CED6AB63}"
EndProject
Project("{2150E333-8FDC-42A3-9474-1A3956D46DE8}") = "Task4", "Task4", "{9D70E7EE-7540-49DF-9724-0D4C20228817}"
EndProject
Project("{FAE04EC0-301F-11D3-BF4B-00C04F79EFBC}") = "Tyuiu.GoryaevTT.Sprint5.Task4.V14", "Tyuiu.GoryaevTT.Sprint5.Task4.V14\Tyuiu.GoryaevTT.Sprint5.Task4.V14.csproj", "{53A5AD82-D1EA-4C50-A914-36E78A605A8A}"
EndProject
Project("{FAE04EC0-301F-11D3-BF4B-00C04F79EFBC}") = "Tyuiu.GoryaevTT.Sprint5.Task4.V14.Lib", "Tyuiu.GoryaevTT.Sprint5.Task4.V14.Lib\Tyuiu.GoryaevTT.Sprint5.Task4.V14.Lib.csproj", "{6B9FD82B-0E87-43BC-AFA6-D6875892A472}"
EndProject
Project("{FAE04EC0-301F-11D3-BF4B-00C04F79EFBC}") = "Tyuiu.GoryaevTT.Sprint5.Task4.V14.Test", "Tyuiu.GoryaevTT.Sprint5.Task4.V14.Test\Tyuiu.GoryaevTT.Sprint5.Task4.V14.Test.csproj", "{0A4727B5-C5DF-43AA-B005-9A1D844C80FA}"
EndProject
Project("{2150E333-8FDC-42A3-9474-1A3956D46DE8}") = "Task5", "Task5", "{54F7CD74-2628-42E9-9FA2-2D231E4B4FAC}"
EndProject
Project("{FAE04EC0-301F-11D3-BF4B-00C04F79EFBC}") = "Tyuiu.GoryaevTT.Sprint5.Task5.V25", "Tyuiu.GoryaevTT.Sprint5.Task5.V25\Tyuiu.GoryaevTT.Sprint5.Task5.V25.csproj", "{05BB717A-B491-4703-B87A-2B742E2E737F}"
EndProject
Project("{FAE04EC0-301F-11D3-BF4B-00C04F79EFBC}") = "Tyuiu.GoryaevTT.Sprint5.Task5.V25.Lib", "Tyuiu.GoryaevTT.Sprint5.Task5.V25.Lib\Tyuiu.GoryaevTT.Sprint5.Task5.V25.Lib.csproj", "{36E35202-81C6-4171-BDE1-5603B91C0D84}"
EndProject
Project("{FAE04EC0-301F-11D3-BF4B-00C04F79EFBC}") = "Tyuiu.GoryaevTT.Sprint5.Task5.V25.Test", "Tyuiu.GoryaevTT.Sprint5.Task5.V25.Test\Tyuiu.GoryaevTT.Sprint5.Task5.V25.Test.csproj", "{14FF1366-3C94-42ED-B4FC-ACDD0E855CAA}"
EndProject
Global
	GlobalSection(SolutionConfigurationPlatforms) = preSolution
		Debug|Any CPU = Debug|Any CPU
		Release|Any CPU = Release|Any CPU
	EndGlobalSection
	GlobalSection(ProjectConfigurationPlatforms) = postSolution
		{A0CE9FA7-0D11-4744-AFD0-BA4AFB68D30C}.Debug|Any CPU.ActiveCfg = Debug|Any CPU
		{A0CE9FA7-0D11-4744-AFD0-BA4AFB68D30C}.Debug|Any CPU.Build.0 = Debug|Any CPU
		{A0CE9FA7-0D11-4744-AFD0-BA4AFB68D30C}.Release|Any CPU.ActiveCfg = Release|Any CPU
		{A0CE9FA7-0D11-4744-AFD0-BA4AFB68D30C}.Release|Any CPU.Build.0 = Release|Any CPU
		{4A11CB20-595D-45CD-AFD6-50019828BE95}.Debug|Any CPU.ActiveCfg = Debug|Any CPU
		{4A11CB20-595D-45CD-AFD6-50019828BE95}.Debug|Any CPU.Build.0 = Debug|Any CPU
		{4A11CB20-595D-45CD-AFD6-50019828BE95}.Release|Any CPU.ActiveCfg = Release|Any CPU
		{4A11CB20-595D-45CD-AFD6-50019828BE95}.Release|Any CPU.Build.0 = Release|Any CPU
		{AA96A078-1D0E-4B50-9064-4055D4A8DC9B}.Debug|Any CPU.ActiveCfg = Debug|Any CPU
		{AA96A078-1D0E-4B50-9064-4055D4A8DC9B}.Debug|Any CPU.Build.0 = Debug|Any CPU
		{AA96A078-1D0E-4B50-9064-4055D4A8DC9B}.Release|Any CPU.ActiveCfg = Release|Any CPU
		{AA96A078-1D0E-4B50-9064-4055D4A8DC9B}.Release|Any CPU.Build.0 = Release|Any CPU
		{7112998A-9B1F-492F-BB68-F5310AD3E58A}.Debug|Any CPU.ActiveCfg = Debug|Any CPU
		{7112998A-9B1F-492F-BB68-F5310AD3E58A}.Debug|Any CPU.Build.0 = Debug|Any CPU
		{7112998A-9B1F-492F-BB68-F5310AD3E58A}.Release|Any CPU.ActiveCfg = Release|Any CPU
		{7112998A-9B1F-492F-BB68-F5310AD3E58A}.Release|Any CPU.Build.0 = Release|Any CPU
		{A441F156-87B9-4CE6-B567-CF17F455C712}.Debug|Any CPU.ActiveCfg = Debug|Any CPU
		{A441F156-87B9-4CE6-B567-CF17F455C712}.Debug|Any CPU.Build.0 = Debug|Any CPU
		{A441F156-87B9-4CE6-B567-CF17F455C712}.Release|Any CPU.ActiveCfg = Release|Any CPU
		{A441F156-87B9-4CE6-B567-CF17F455C712}.Release|Any CPU.Build.0 = Release|Any CPU
		{A35D3746-75D4-4D1C-BAE6-5869C679F2BF}.Debug|Any CPU.ActiveCfg = Debug|Any CPU
		{A35D3746-75D4-4D1C-BAE6-5869C679F2BF}.Debug|Any CPU.Build.0 = Debug|Any CPU
		{A35D3746-75D4-4D1C-BAE6-5869C679F2BF}.Release|Any CPU.ActiveCfg = Release|Any CPU
		{A35D3746-75D4-4D1C-BAE6-5869C679F2BF}.Release|Any CPU.Build.0 = Release|Any CPU
		{E13A46A4-760C-4934-A964-B271DA5CC746}.Debug|Any CPU.ActiveCfg = Debug|Any CPU
		{E13A46A4-760C-4934-A964-B271DA5CC746}.Debug|Any CPU.Build.0 = Debug|Any CPU
		{E13A46A4-760C-4934-A964-B271DA5CC746}.Release|Any CPU.ActiveCfg = Release|Any CPU
		{E13A46A4-760C-4934-A964-B271DA5CC746}.Release|Any CPU.Build.0 = Release|Any CPU
		{D573996E-A40C-45E4-B79B-D560C6ED3903}.Debug|Any CPU.ActiveCfg = Debug|Any CPU
		{D573996E-A40C-45E4-B79B-D560C6ED3903}.Debug|Any CPU.Build.0 = Debug|Any CPU
		{D573996E-A40C-45E4-B79B-D560C6ED3903}.Release|Any CPU.ActiveCfg = Release|Any CPU
		{D573996E-A40C-45E4-B79B-D560C6ED3903}.Release|Any CPU.Build.0 = Release|Any CPU
		{C49F8222-B999-4396-8F51-47D3A10B8DC0}.Debug|Any CPU.ActiveCfg = Debug|Any CPU
		{C49F8222-B999-4396-8F51-47D3A10B8DC0}.Debug|Any CPU.Build.0 = Debug|Any CPU
		{C49F8222-B999-4396-8F51-47D3A10B8DC0}.Release|Any CPU.ActiveCfg = Release|Any CPU
		{C49F8222-B999-4396-8F51-47D3A10B8DC0}.Release|Any CPU.Build.0 = Release|Any CPU
		{B7C2E546-0084-4D53-A3C4-B6B04B36ECDB}.Debug|Any CPU.ActiveCfg = Debug|Any CPU
		{B7C2E546-0084-4D53-A3C4-B6B04B36ECDB}.Debug|Any CPU.Build.0 = Debug|Any CPU
		{B7C2E546-0084-4D53-A3C4-B6B04B36ECDB}.Release|Any CPU.ActiveCfg = Release|Any CPU
		{B7C2E546-0084-4D53-A3C4-B6B04B36ECDB}.Release|Any CPU.Build.0 = Release|Any CPU
		{874B8A08-363F-48BD-B71C-4E4B30A15389}.Debug|Any CPU.ActiveCfg = Debug|Any CPU
		{874B8A08-363F-48BD-B71C-4E4B30A15389}.Debug|Any CPU.Build.0 = Debug|Any CPU
		{874B8A08-363F-48BD-B71C-4E4B30A15389}.Release|Any CPU.ActiveCfg = Release|Any CPU
		{874B8A08-363F-48BD-B71C-4E4B30A15389}.Release|Any CPU.Build.0 = Release|Any CPU
		{8973D30D-0CD8-4C5E-9D2E-3FB2CED6AB63}.Debug|Any CPU.ActiveCfg = Debug|Any CPU
		{8973D30D-0CD8-4C5E-9D2E-3FB2CED6AB63}.Debug|Any CPU.Build.0 = Debug|Any CPU
		{8973D30D-0CD8-4C5E-9D2E-3FB2CED6AB63}.Release|Any CPU.ActiveCfg = Release|Any CPU
		{8973D30D-0CD8-4C5E-9D2E-3FB2CED6AB63}.Release|Any CPU.Build.0 = Release|Any CPU
		{53A5AD82-D1EA-4C50-A914-36E78A605A8A}.Debug|Any CPU.ActiveCfg = Debug|Any CPU
		{53A5AD82-D1EA-4C50-A914-36E78A605A8A}.Debug|Any CPU.Build.0 = Debug|Any CPU
		{53A5AD82-D1EA-4C50-A914-36E78A605A8A}.Release|Any CPU.ActiveCfg = Release|Any CPU
		{53A5AD82-D1EA-4C50-A914-36E78A605A8A}.Release|Any CPU.Build.0 = Release|Any CPU
		{6B9FD82B-0E87-43BC-AFA6-D6875892A472}.Debug|Any CPU.ActiveCfg = Debug|Any CPU
		{6B9FD82B-0E87-43BC-AFA6-D6875892A472}.Debug|Any CPU.Build.0 = Debug|Any CPU
		{6B9FD82B-0E87-43BC-AFA6-D6875892A472}.Release|Any CPU.ActiveCfg = Release|Any CPU
		{6B9FD82B-0E87-43BC-AFA6-D6875892A472}.Release|Any CPU.Build.0 = Release|Any CPU
		{0A4727B5-C5DF-43AA-B005-9A1D844C80FA}.Debug|Any CPU.ActiveCfg = Debug|Any CPU
		{0A4727B5-C5DF-43AA-B005-9A1D844C80FA}.Debug|Any CPU.Build.0 = Debug|Any CPU
		{0A4727B5-C5DF-43AA-B005-9A1D844C80FA}.Release|Any CPU.ActiveCfg = Release|Any CPU
		{0A4727B5-C5DF-43AA-B005-9A1D844C80FA}.Release|Any CPU.Build.0 = Release|Any CPU
		{05BB717A-B491-4703-B87A-2B742E2E737F}.Debug|Any CPU.ActiveCfg = Debug|Any CPU
		{05BB717A-B491-4703-B87A-2B742E2E737F}.Debug|Any CPU.Build.0 = Debug|Any CPU
		{05BB717A-B491-4703-B87A-2B742E2E737F}.Release|Any CPU.ActiveCfg = Release|Any CPU
		{05BB717A-B491-4703-B87A-2B742E2E737F}.Release|Any CPU.Build.0 = Release|Any CPU
		{36E35202-81C6-4171-BDE1-5603B91C0D84}.Debug|Any CPU.ActiveCfg = Debug|Any CPU
		{36E35202-81C6-4171-BDE1-5603B91C0D84}.Debug|Any CPU.Build.0 = Debug|Any CPU
		{36E35202-81C6-4171-BDE1-5603B91C0D84}.Release|Any CPU.ActiveCfg = Release|Any CPU
		{36E35202-81C6-4171-BDE1-5603B91C0D84}.Release|Any CPU.Build.0 = Release|Any CPU
		{14FF1366-3C94-42ED-B4FC-ACDD0E855CAA}.Debug|Any CPU.ActiveCfg = Debug|Any CPU
		{14FF1366-3C94-42ED-B4FC-ACDD0E855CAA}.Debug|Any CPU.Build.0 = Debug|Any CPU
		{14FF1366-3C94-42ED-B4FC-ACDD0E855CAA}.Release|Any CPU.ActiveCfg = Release|Any CPU
		{14FF1366-3C94-42ED-B4FC-ACDD0E855CAA}.Release|Any CPU.Build.0 = Release|Any CPU
	EndGlobalSection
	GlobalSection(SolutionProperties) = preSolution
		HideSolutionNode = FALSE
	EndGlobalSection
	GlobalSection(NestedProjects) = preSolution
		{A0CE9FA7-0D11-4744-AFD0-BA4AFB68D30C} = {02EA681E-C7D8-13C7-8484-4AC65E1B71E8}
		{4A11CB20-595D-45CD-AFD6-50019828BE95} = {02EA681E-C7D8-13C7-8484-4AC65E1B71E8}
		{AA96A078-1D0E-4B50-9064-4055D4A8DC9B} = {02EA681E-C7D8-13C7-8484-4AC65E1B71E8}
		{7112998A-9B1F-492F-BB68-F5310AD3E58A} = {97722A73-57B2-4CD6-A6AE-244FBECE869C}
		{A441F156-87B9-4CE6-B567-CF17F455C712} = {97722A73-57B2-4CD6-A6AE-244FBECE869C}
		{A35D3746-75D4-4D1C-BAE6-5869C679F2BF} = {97722A73-57B2-4CD6-A6AE-244FBECE869C}
		{E13A46A4-760C-4934-A964-B271DA5CC746} = {50D78FA4-3BE4-463E-ACD4-917FF4F54E05}
		{D573996E-A40C-45E4-B79B-D560C6ED3903} = {50D78FA4-3BE4-463E-ACD4-917FF4F54E05}
		{C49F8222-B999-4396-8F51-47D3A10B8DC0} = {50D78FA4-3BE4-463E-ACD4-917FF4F54E05}
		{B7C2E546-0084-4D53-A3C4-B6B04B36ECDB} = {FEE4740D-0003-4A6C-940E-728C71ADF0C2}
		{874B8A08-363F-48BD-B71C-4E4B30A15389} = {FEE4740D-0003-4A6C-940E-728C71ADF0C2}
		{8973D30D-0CD8-4C5E-9D2E-3FB2CED6AB63} = {FEE4740D-0003-4A6C-940E-728C71ADF0C2}
		{53A5AD82-D1EA-4C50-A914-36E78A605A8A} = {9D70E7EE-7540-49DF-9724-0D4C20228817}
		{6B9FD82B-0E87-43BC-AFA6-D6875892A472} = {9D70E7EE-7540-49DF-9724-0D4C20228817}
		{0A4727B5-C5DF-43AA-B005-9A1D844C80FA} = {9D70E7EE-7540-49DF-9724-0D4C20228817}
		{05BB717A-B491-4703-B87A-2B742E2E737F} = {54F7CD74-2628-42E9-9FA2-2D231E4B4FAC}
		{36E35202-81C6-4171-BDE1-5603B91C0D84} = {54F7CD74-2628-42E9-9FA2-2D231E4B4FAC}
		{14FF1366-3C94-42ED-B4FC-ACDD0E855CAA} = {54F7CD74-2628-42E9-9FA2-2D231E4B4FAC}
	EndGlobalSection
	GlobalSection(ExtensibilityGlobals) = postSolution
		SolutionGuid = {9E1F5B9D-F488-4D0D-AA7E-9C6481F30CF2}
	EndGlobalSection
EndGlobal
